golang.org/x/exp v0.0.0-20220722155223-a9213eeb770e h1:+WEEuIdZHnUeJJmEUjyYC2gfUMj69yZXw17EnHg/otA=
golang.org/x/exp v0.0.0-20220722155223-a9213eeb770e/go.mod h1:Kr81I6Kryrl9sr8s2FK3vxD90NdsKWRuOIl2O4CvYbA=
tideland.dev/go/audit v0.7.0 h1:lr4LkNu7i5qLJuqQ6lUfnt0J09anZNfrdXdB1I9JlTs=
tideland.dev/go/audit v0.7.0/go.mod h1:Jua+IB3KgAC7fbuZ1YHT7gKhwpiTOcn3Q7AOCQsrro8=
